
Microsoft Visual Studio Solution File, Format Version 12.00
# Visual Studio Version 17
VisualStudioVersion = 17.10.35122.118
MinimumVisualStudioVersion = 10.0.40219.1
Project("{2150E333-8FDC-42A3-9474-1A3956D46DE8}") = "Solution Items", "Solution Items", "{96D3B115-8CAE-4844-8935-65E74B5F7F3C}"
	ProjectSection(SolutionItems) = preProject
		microservices.md = microservices.md
		README.md = README.md
	EndProjectSection
EndProject
Project("{2150E333-8FDC-42A3-9474-1A3956D46DE8}") = "Udemy.APIGateway", "Udemy.APIGateway", "{77354F3C-2DC9-4D67-98C1-5088DBDEE925}"
EndProject
Project("{2150E333-8FDC-42A3-9474-1A3956D46DE8}") = "Udemy.Course", "Udemy.Course", "{04F53332-B597-4D06-921C-56CBF77DFE06}"
EndProject
Project("{2150E333-8FDC-42A3-9474-1A3956D46DE8}") = "Udemy.Video", "Udemy.Video", "{E530F46A-0E1B-4FE8-9D9F-0CB9326675CC}"
EndProject
Project("{2150E333-8FDC-42A3-9474-1A3956D46DE8}") = "Udemy.Payment", "Udemy.Payment", "{3275C2DB-2F7C-44D9-9D44-CAEE7E11F2F4}"
EndProject
Project("{2150E333-8FDC-42A3-9474-1A3956D46DE8}") = "Udemy.Notification", "Udemy.Notification", "{3439B4A9-77B8-486D-B267-56F55DFFE7F3}"
EndProject
Project("{2150E333-8FDC-42A3-9474-1A3956D46DE8}") = "Udemy.Rating", "Udemy.Rating", "{D7E752B2-0E0E-4959-AE57-D2D2C82C12B1}"
EndProject
Project("{2150E333-8FDC-42A3-9474-1A3956D46DE8}") = "Udemy.Reporting", "Udemy.Reporting", "{9F1C5991-BE36-4C00-B274-05A6709D546E}"
EndProject
Project("{2150E333-8FDC-42A3-9474-1A3956D46DE8}") = "Udemy.Category", "Udemy.Category", "{97D5A34E-52E8-4B56-9920-0142877E3A8D}"
EndProject
Project("{2150E333-8FDC-42A3-9474-1A3956D46DE8}") = "Udemy.Streaming", "Udemy.Streaming", "{1A8BC50E-F522-40A2-8109-A84D15B128C3}"
EndProject
Project("{2150E333-8FDC-42A3-9474-1A3956D46DE8}") = "Udemy.Common", "Udemy.Common", "{81F456D7-91ED-4D7A-96F2-ADBB139DBA10}"
EndProject
Project("{2150E333-8FDC-42A3-9474-1A3956D46DE8}") = "Udemy.Tests", "Udemy.Tests", "{BDFDB02C-B66B-4D15-BC29-DED7DC22D28F}"
EndProject
Project("{2150E333-8FDC-42A3-9474-1A3956D46DE8}") = "Udemy.Auth", "Udemy.Auth", "{51F4A6F4-E097-4F0E-BF49-14757AC765EC}"
EndProject
Project("{9A19103F-16F7-4668-BE54-9A1E7A4F7556}") = "Udemy.Auth.API", "Udemy.Auth\Udemy.Auth.API\Udemy.Auth.API.csproj", "{A343717F-2F45-4ED1-875D-27EA6026F8D2}"
EndProject
Project("{9A19103F-16F7-4668-BE54-9A1E7A4F7556}") = "Udemy.Auth.Infrastructure", "Udemy.Auth\Udemy.Auth.Infrastructure\Udemy.Auth.Infrastructure.csproj", "{D437537A-818F-4B88-9E09-0C5B28413D5B}"
EndProject
Project("{9A19103F-16F7-4668-BE54-9A1E7A4F7556}") = "Udemy.Auth.Application", "Udemy.Auth\Udemy.Auth.Application\Udemy.Auth.Application.csproj", "{3713BD06-470A-4D52-B06C-507C090F21EA}"
EndProject
Project("{9A19103F-16F7-4668-BE54-9A1E7A4F7556}") = "Udemy.Auth.Domain", "Udemy.Auth\Udemy.Auth.Domain\Udemy.Auth.Domain.csproj", "{6D200952-1342-4CBE-AF03-2A075AA29ABA}"
EndProject
Project("{9A19103F-16F7-4668-BE54-9A1E7A4F7556}") = "Udemy.Auth.Contracts", "Udemy.Auth\Udemy.Auth.Contracts\Udemy.Auth.Contracts.csproj", "{8CA494F2-9EB3-45F4-8CFB-14C4F2BED8AE}"
EndProject
Project("{E53339B2-1760-4266-BCC7-CA923CBCF16C}") = "docker-compose", "docker-compose.dcproj", "{FFC84CB0-6753-4A49-8BE5-87FC02D834A5}"
EndProject
Project("{9A19103F-16F7-4668-BE54-9A1E7A4F7556}") = "Udemy.APIGateway.API", "Udemy.APIGateway\Udemy.APIGateway.API\Udemy.APIGateway.API.csproj", "{71D681BE-4481-402D-A0E1-5BF1B01D2E66}"
EndProject
Project("{9A19103F-16F7-4668-BE54-9A1E7A4F7556}") = "Udemy.Common", "Udemy.Common\Udemy.Common\Udemy.Common.csproj", "{6853313F-FD54-4B41-AFDC-5C686145966D}"
EndProject
Project("{9A19103F-16F7-4668-BE54-9A1E7A4F7556}") = "Udemy.Course.API", "Udemy.Course\Udemy.Course.API\Udemy.Course.API.csproj", "{457B7DEF-979D-4CAD-8FDF-7106D796B564}"
EndProject
Project("{9A19103F-16F7-4668-BE54-9A1E7A4F7556}") = "Udemy.Course.Application", "Udemy.Course\Udemy.Course.Application\Udemy.Course.Application.csproj", "{9DD366F6-4FD2-4BD8-B409-F753D31BD506}"
EndProject
Project("{9A19103F-16F7-4668-BE54-9A1E7A4F7556}") = "Udemy.Course.Infrastructure", "Udemy.Course\Udemy.Course.Infrastructure\Udemy.Course.Infrastructure.csproj", "{42870452-F0B2-45D5-AA66-EA1B029A2E53}"
EndProject
Project("{9A19103F-16F7-4668-BE54-9A1E7A4F7556}") = "Udemy.Course.Domain", "Udemy.Course\Udemy.Course.Domain\Udemy.Course.Domain.csproj", "{7A4814B2-26E9-4606-A6E5-EDF1C2F5A0F3}"
EndProject
Project("{2150E333-8FDC-42A3-9474-1A3956D46DE8}") = "Udemy.UI", "Udemy.UI", "{6ACCF8EC-97F2-409A-AF4B-7C21B5FEF40D}"
	ProjectSection(SolutionItems) = preProject
		.todo = .todo
	EndProjectSection
EndProject
Project("{9A19103F-16F7-4668-BE54-9A1E7A4F7556}") = "Udemy.Course.Contracts", "Udemy.Course\Udemy.Course.Contracts\Udemy.Course.Contracts.csproj", "{15155E66-A444-4A9F-BA41-89224681B2D5}"
EndProject
Project("{2150E333-8FDC-42A3-9474-1A3956D46DE8}") = "Udemy.CDN", "Udemy.CDN", "{2F3CB287-18F5-42B8-A21C-A93FD9BC94D7}"
EndProject
Global
	GlobalSection(SolutionConfigurationPlatforms) = preSolution
		Debug|Any CPU = Debug|Any CPU
		Release|Any CPU = Release|Any CPU
	EndGlobalSection
	GlobalSection(ProjectConfigurationPlatforms) = postSolution
		{A343717F-2F45-4ED1-875D-27EA6026F8D2}.Debug|Any CPU.ActiveCfg = Debug|Any CPU
		{A343717F-2F45-4ED1-875D-27EA6026F8D2}.Debug|Any CPU.Build.0 = Debug|Any CPU
		{A343717F-2F45-4ED1-875D-27EA6026F8D2}.Release|Any CPU.ActiveCfg = Release|Any CPU
		{A343717F-2F45-4ED1-875D-27EA6026F8D2}.Release|Any CPU.Build.0 = Release|Any CPU
		{D437537A-818F-4B88-9E09-0C5B28413D5B}.Debug|Any CPU.ActiveCfg = Debug|Any CPU
		{D437537A-818F-4B88-9E09-0C5B28413D5B}.Debug|Any CPU.Build.0 = Debug|Any CPU
		{D437537A-818F-4B88-9E09-0C5B28413D5B}.Release|Any CPU.ActiveCfg = Release|Any CPU
		{D437537A-818F-4B88-9E09-0C5B28413D5B}.Release|Any CPU.Build.0 = Release|Any CPU
		{3713BD06-470A-4D52-B06C-507C090F21EA}.Debug|Any CPU.ActiveCfg = Debug|Any CPU
		{3713BD06-470A-4D52-B06C-507C090F21EA}.Debug|Any CPU.Build.0 = Debug|Any CPU
		{3713BD06-470A-4D52-B06C-507C090F21EA}.Release|Any CPU.ActiveCfg = Release|Any CPU
		{3713BD06-470A-4D52-B06C-507C090F21EA}.Release|Any CPU.Build.0 = Release|Any CPU
		{6D200952-1342-4CBE-AF03-2A075AA29ABA}.Debug|Any CPU.ActiveCfg = Debug|Any CPU
		{6D200952-1342-4CBE-AF03-2A075AA29ABA}.Debug|Any CPU.Build.0 = Debug|Any CPU
		{6D200952-1342-4CBE-AF03-2A075AA29ABA}.Release|Any CPU.ActiveCfg = Release|Any CPU
		{6D200952-1342-4CBE-AF03-2A075AA29ABA}.Release|Any CPU.Build.0 = Release|Any CPU
		{8CA494F2-9EB3-45F4-8CFB-14C4F2BED8AE}.Debug|Any CPU.ActiveCfg = Debug|Any CPU
		{8CA494F2-9EB3-45F4-8CFB-14C4F2BED8AE}.Debug|Any CPU.Build.0 = Debug|Any CPU
		{8CA494F2-9EB3-45F4-8CFB-14C4F2BED8AE}.Release|Any CPU.ActiveCfg = Release|Any CPU
		{8CA494F2-9EB3-45F4-8CFB-14C4F2BED8AE}.Release|Any CPU.Build.0 = Release|Any CPU
		{FFC84CB0-6753-4A49-8BE5-87FC02D834A5}.Debug|Any CPU.ActiveCfg = Debug|Any CPU
		{FFC84CB0-6753-4A49-8BE5-87FC02D834A5}.Debug|Any CPU.Build.0 = Debug|Any CPU
		{FFC84CB0-6753-4A49-8BE5-87FC02D834A5}.Release|Any CPU.ActiveCfg = Release|Any CPU
		{FFC84CB0-6753-4A49-8BE5-87FC02D834A5}.Release|Any CPU.Build.0 = Release|Any CPU
		{71D681BE-4481-402D-A0E1-5BF1B01D2E66}.Debug|Any CPU.ActiveCfg = Debug|Any CPU
		{71D681BE-4481-402D-A0E1-5BF1B01D2E66}.Debug|Any CPU.Build.0 = Debug|Any CPU
		{71D681BE-4481-402D-A0E1-5BF1B01D2E66}.Release|Any CPU.ActiveCfg = Release|Any CPU
		{71D681BE-4481-402D-A0E1-5BF1B01D2E66}.Release|Any CPU.Build.0 = Release|Any CPU
		{6853313F-FD54-4B41-AFDC-5C686145966D}.Debug|Any CPU.ActiveCfg = Debug|Any CPU
		{6853313F-FD54-4B41-AFDC-5C686145966D}.Debug|Any CPU.Build.0 = Debug|Any CPU
		{6853313F-FD54-4B41-AFDC-5C686145966D}.Release|Any CPU.ActiveCfg = Release|Any CPU
		{6853313F-FD54-4B41-AFDC-5C686145966D}.Release|Any CPU.Build.0 = Release|Any CPU
		{457B7DEF-979D-4CAD-8FDF-7106D796B564}.Debug|Any CPU.ActiveCfg = Debug|Any CPU
		{457B7DEF-979D-4CAD-8FDF-7106D796B564}.Debug|Any CPU.Build.0 = Debug|Any CPU
		{457B7DEF-979D-4CAD-8FDF-7106D796B564}.Release|Any CPU.ActiveCfg = Release|Any CPU
		{457B7DEF-979D-4CAD-8FDF-7106D796B564}.Release|Any CPU.Build.0 = Release|Any CPU
		{9DD366F6-4FD2-4BD8-B409-F753D31BD506}.Debug|Any CPU.ActiveCfg = Debug|Any CPU
		{9DD366F6-4FD2-4BD8-B409-F753D31BD506}.Debug|Any CPU.Build.0 = Debug|Any CPU
		{9DD366F6-4FD2-4BD8-B409-F753D31BD506}.Release|Any CPU.ActiveCfg = Release|Any CPU
		{9DD366F6-4FD2-4BD8-B409-F753D31BD506}.Release|Any CPU.Build.0 = Release|Any CPU
		{42870452-F0B2-45D5-AA66-EA1B029A2E53}.Debug|Any CPU.ActiveCfg = Debug|Any CPU
		{42870452-F0B2-45D5-AA66-EA1B029A2E53}.Debug|Any CPU.Build.0 = Debug|Any CPU
		{42870452-F0B2-45D5-AA66-EA1B029A2E53}.Release|Any CPU.ActiveCfg = Release|Any CPU
		{42870452-F0B2-45D5-AA66-EA1B029A2E53}.Release|Any CPU.Build.0 = Release|Any CPU
		{7A4814B2-26E9-4606-A6E5-EDF1C2F5A0F3}.Debug|Any CPU.ActiveCfg = Debug|Any CPU
		{7A4814B2-26E9-4606-A6E5-EDF1C2F5A0F3}.Debug|Any CPU.Build.0 = Debug|Any CPU
		{7A4814B2-26E9-4606-A6E5-EDF1C2F5A0F3}.Release|Any CPU.ActiveCfg = Release|Any CPU
		{7A4814B2-26E9-4606-A6E5-EDF1C2F5A0F3}.Release|Any CPU.Build.0 = Release|Any CPU
		{15155E66-A444-4A9F-BA41-89224681B2D5}.Debug|Any CPU.ActiveCfg = Debug|Any CPU
		{15155E66-A444-4A9F-BA41-89224681B2D5}.Debug|Any CPU.Build.0 = Debug|Any CPU
		{15155E66-A444-4A9F-BA41-89224681B2D5}.Release|Any CPU.ActiveCfg = Release|Any CPU
		{15155E66-A444-4A9F-BA41-89224681B2D5}.Release|Any CPU.Build.0 = Release|Any CPU
	EndGlobalSection
	GlobalSection(SolutionProperties) = preSolution
		HideSolutionNode = FALSE
	EndGlobalSection
	GlobalSection(NestedProjects) = preSolution
		{A343717F-2F45-4ED1-875D-27EA6026F8D2} = {51F4A6F4-E097-4F0E-BF49-14757AC765EC}
		{D437537A-818F-4B88-9E09-0C5B28413D5B} = {51F4A6F4-E097-4F0E-BF49-14757AC765EC}
		{3713BD06-470A-4D52-B06C-507C090F21EA} = {51F4A6F4-E097-4F0E-BF49-14757AC765EC}
		{6D200952-1342-4CBE-AF03-2A075AA29ABA} = {51F4A6F4-E097-4F0E-BF49-14757AC765EC}
		{8CA494F2-9EB3-45F4-8CFB-14C4F2BED8AE} = {51F4A6F4-E097-4F0E-BF49-14757AC765EC}
		{71D681BE-4481-402D-A0E1-5BF1B01D2E66} = {77354F3C-2DC9-4D67-98C1-5088DBDEE925}
		{6853313F-FD54-4B41-AFDC-5C686145966D} = {81F456D7-91ED-4D7A-96F2-ADBB139DBA10}
		{457B7DEF-979D-4CAD-8FDF-7106D796B564} = {04F53332-B597-4D06-921C-56CBF77DFE06}
		{9DD366F6-4FD2-4BD8-B409-F753D31BD506} = {04F53332-B597-4D06-921C-56CBF77DFE06}
		{42870452-F0B2-45D5-AA66-EA1B029A2E53} = {04F53332-B597-4D06-921C-56CBF77DFE06}
		{7A4814B2-26E9-4606-A6E5-EDF1C2F5A0F3} = {04F53332-B597-4D06-921C-56CBF77DFE06}
		{15155E66-A444-4A9F-BA41-89224681B2D5} = {04F53332-B597-4D06-921C-56CBF77DFE06}
	EndGlobalSection
	GlobalSection(ExtensibilityGlobals) = postSolution
		SolutionGuid = {BF0223CD-E1C9-4A14-8DD5-D83737BC343A}
	EndGlobalSection
EndGlobal
